<Solution>
  <Project Path="src/Natsx.Controller.Core/Natsx.Controller.Core.csproj" />
  <Project Path="src/Natsx.Controller.Protocol/Natsx.Controller.Protocol.csproj" />
  <Project Path="src/Natsx.Controller.Connection/Natsx.Controller.Connection.csproj" />
  <Project Path="src/Natsx.Controller.VirtualGamepad/Natsx.Controller.VirtualGamepad.csproj" />
  <Project Path="src/Natsx.Controller.Transport.Wifi/Natsx.Controller.Transport.Wifi.csproj" />
  <Project Path="src/Natsx.Controller.Transport.Bluetooth/Natsx.Controller.Transport.Bluetooth.csproj" />
  <Project Path="src/Natsx.Controller.Trust.Windows/Natsx.Controller.Trust.Windows.csproj" />
  <Project Path="src/Natsx.Controller.Receiver/Natsx.Controller.Receiver.csproj" />
  <Project Path="tests/Natsx.Controller.Protocol.Tests/Natsx.Controller.Protocol.Tests.csproj" />
  <Project Path="tests/Natsx.Controller.Connection.Tests/Natsx.Controller.Connection.Tests.csproj" />
  <Project Path="tests/Natsx.Controller.VirtualGamepad.Tests/Natsx.Controller.VirtualGamepad.Tests.csproj" />
  <Project Path="tests/Natsx.Controller.Transport.Wifi.Tests/Natsx.Controller.Transport.Wifi.Tests.csproj" />
  <Project Path="tests/Natsx.Controller.Trust.Windows.Tests/Natsx.Controller.Trust.Windows.Tests.csproj" />
</Solution>
